
Microsoft Visual Studio Solution File, Format Version 12.00
# Visual Studio Version 17
VisualStudioVersion = 17.8.34330.188
MinimumVisualStudioVersion = 10.0.40219.1
Project("{FAE04EC0-301F-11D3-BF4B-00C04F79EFBC}") = "Fourier", "Fourier.csproj", "{312851D1-D36A-4771-9AD6-94161C7D1D6B}"
EndProject
Global
	GlobalSection(SolutionConfigurationPlatforms) = preSolution
		Debug|Any CPU = Debug|Any CPU
		Release|Any CPU = Release|Any CPU
	EndGlobalSection
	GlobalSection(ProjectConfigurationPlatforms) = postSolution
		{312851D1-D36A-4771-9AD6-94161C7D1D6B}.Debug|Any CPU.ActiveCfg = Debug|Any CPU
		{312851D1-D36A-4771-9AD6-94161C7D1D6B}.Debug|Any CPU.Build.0 = Debug|Any CPU
		{312851D1-D36A-4771-9AD6-94161C7D1D6B}.Release|Any CPU.ActiveCfg = Release|Any CPU
		{312851D1-D36A-4771-9AD6-94161C7D1D6B}.Release|Any CPU.Build.0 = Release|Any CPU
	EndGlobalSection
	GlobalSection(SolutionProperties) = preSolution
		HideSolutionNode = FALSE
	EndGlobalSection
	GlobalSection(ExtensibilityGlobals) = postSolution
		SolutionGuid = {DD4EB42D-8284-4BC5-A99B-2A3B8E365ED7}
	EndGlobalSection
EndGlobal
